
Microsoft Visual Studio Solution File, Format Version 12.00
# Visual Studio Version 17
VisualStudioVersion = 17.0.31903.59
MinimumVisualStudioVersion = 15.0.26124.0
Project("{9A19103F-16F7-4668-BE54-9A1E7A4F7556}") = "Atc.Test", "src\Atc.Test\Atc.Test.csproj", "{7E15F9B0-040B-454B-BD29-E0A0CBC3473B}"
EndProject
Project("{FAE04EC0-301F-11D3-BF4B-00C04F79EFBC}") = "Atc.Test.Tests", "test\Atc.Test.Tests\Atc.Test.Tests.csproj", "{FE44F21D-22E5-47ED-A551-74AF79E23C89}"
EndProject
Project("{2150E333-8FDC-42A3-9474-1A3956D46DE8}") = ".config", ".config", "{23CF9054-75B8-4E9E-A252-52C5C1455ECA}"
	ProjectSection(SolutionItems) = preProject
		.editorconfig = .editorconfig
		Directory.Build.props = Directory.Build.props
		README.md = README.md
	EndProjectSection
EndProject
Project("{2150E333-8FDC-42A3-9474-1A3956D46DE8}") = "src", "src", "{2E82F528-471D-4451-ADD9-C0AF97692C8D}"
	ProjectSection(SolutionItems) = preProject
		src\.editorconfig = src\.editorconfig
		src\Directory.Build.props = src\Directory.Build.props
	EndProjectSection
EndProject
Project("{2150E333-8FDC-42A3-9474-1A3956D46DE8}") = "test", "test", "{4B46C47D-DE74-4FA4-9A27-4CBCB354AE05}"
	ProjectSection(SolutionItems) = preProject
		test\.editorconfig = test\.editorconfig
		test\Directory.Build.props = test\Directory.Build.props
	EndProjectSection
EndProject
Project("{2150E333-8FDC-42A3-9474-1A3956D46DE8}") = "docs", "docs", "{014851A9-0672-4268-9856-181B0BB26F71}"
	ProjectSection(SolutionItems) = preProject
		README.md = README.md
	EndProjectSection
EndProject
Global
	GlobalSection(SolutionConfigurationPlatforms) = preSolution
		Debug|Any CPU = Debug|Any CPU
		Debug|x64 = Debug|x64
		Debug|x86 = Debug|x86
		Release|Any CPU = Release|Any CPU
		Release|x64 = Release|x64
		Release|x86 = Release|x86
	EndGlobalSection
	GlobalSection(ProjectConfigurationPlatforms) = postSolution
		{7E15F9B0-040B-454B-BD29-E0A0CBC3473B}.Debug|Any CPU.ActiveCfg = Debug|Any CPU
		{7E15F9B0-040B-454B-BD29-E0A0CBC3473B}.Debug|Any CPU.Build.0 = Debug|Any CPU
		{7E15F9B0-040B-454B-BD29-E0A0CBC3473B}.Debug|x64.ActiveCfg = Debug|Any CPU
		{7E15F9B0-040B-454B-BD29-E0A0CBC3473B}.Debug|x64.Build.0 = Debug|Any CPU
		{7E15F9B0-040B-454B-BD29-E0A0CBC3473B}.Debug|x86.ActiveCfg = Debug|Any CPU
		{7E15F9B0-040B-454B-BD29-E0A0CBC3473B}.Debug|x86.Build.0 = Debug|Any CPU
		{7E15F9B0-040B-454B-BD29-E0A0CBC3473B}.Release|Any CPU.ActiveCfg = Release|Any CPU
		{7E15F9B0-040B-454B-BD29-E0A0CBC3473B}.Release|Any CPU.Build.0 = Release|Any CPU
		{7E15F9B0-040B-454B-BD29-E0A0CBC3473B}.Release|x64.ActiveCfg = Release|Any CPU
		{7E15F9B0-040B-454B-BD29-E0A0CBC3473B}.Release|x64.Build.0 = Release|Any CPU
		{7E15F9B0-040B-454B-BD29-E0A0CBC3473B}.Release|x86.ActiveCfg = Release|Any CPU
		{7E15F9B0-040B-454B-BD29-E0A0CBC3473B}.Release|x86.Build.0 = Release|Any CPU
		{FE44F21D-22E5-47ED-A551-74AF79E23C89}.Debug|Any CPU.ActiveCfg = Debug|Any CPU
		{FE44F21D-22E5-47ED-A551-74AF79E23C89}.Debug|Any CPU.Build.0 = Debug|Any CPU
		{FE44F21D-22E5-47ED-A551-74AF79E23C89}.Debug|x64.ActiveCfg = Debug|Any CPU
		{FE44F21D-22E5-47ED-A551-74AF79E23C89}.Debug|x64.Build.0 = Debug|Any CPU
		{FE44F21D-22E5-47ED-A551-74AF79E23C89}.Debug|x86.ActiveCfg = Debug|Any CPU
		{FE44F21D-22E5-47ED-A551-74AF79E23C89}.Debug|x86.Build.0 = Debug|Any CPU
		{FE44F21D-22E5-47ED-A551-74AF79E23C89}.Release|Any CPU.ActiveCfg = Release|Any CPU
		{FE44F21D-22E5-47ED-A551-74AF79E23C89}.Release|Any CPU.Build.0 = Release|Any CPU
		{FE44F21D-22E5-47ED-A551-74AF79E23C89}.Release|x64.ActiveCfg = Release|Any CPU
		{FE44F21D-22E5-47ED-A551-74AF79E23C89}.Release|x64.Build.0 = Release|Any CPU
		{FE44F21D-22E5-47ED-A551-74AF79E23C89}.Release|x86.ActiveCfg = Release|Any CPU
		{FE44F21D-22E5-47ED-A551-74AF79E23C89}.Release|x86.Build.0 = Release|Any CPU
	EndGlobalSection
	GlobalSection(SolutionProperties) = preSolution
		HideSolutionNode = FALSE
	EndGlobalSection
	GlobalSection(NestedProjects) = preSolution
		{7E15F9B0-040B-454B-BD29-E0A0CBC3473B} = {2E82F528-471D-4451-ADD9-C0AF97692C8D}
		{FE44F21D-22E5-47ED-A551-74AF79E23C89} = {4B46C47D-DE74-4FA4-9A27-4CBCB354AE05}
	EndGlobalSection
	GlobalSection(ExtensibilityGlobals) = postSolution
		SolutionGuid = {5E657CBB-3A3C-4C41-B832-7ACE196175AD}
	EndGlobalSection
EndGlobal
